
Microsoft Visual Studio Solution File, Format Version 12.00
# Visual Studio Version 17
VisualStudioVersion = 17.9.34310.174
MinimumVisualStudioVersion = 10.0.40219.1
Project("{FAE04EC0-301F-11D3-BF4B-00C04F79EFBC}") = "E-Commerce Project", "E-Commerce Project\E-Commerce Project.csproj", "{59F050A1-FAC3-4304-8224-3DD2C865C039}"
EndProject
Global
	GlobalSection(SolutionConfigurationPlatforms) = preSolution
		Debug|Any CPU = Debug|Any CPU
		Release|Any CPU = Release|Any CPU
	EndGlobalSection
	GlobalSection(ProjectConfigurationPlatforms) = postSolution
		{59F050A1-FAC3-4304-8224-3DD2C865C039}.Debug|Any CPU.ActiveCfg = Debug|Any CPU
		{59F050A1-FAC3-4304-8224-3DD2C865C039}.Debug|Any CPU.Build.0 = Debug|Any CPU
		{59F050A1-FAC3-4304-8224-3DD2C865C039}.Release|Any CPU.ActiveCfg = Release|Any CPU
		{59F050A1-FAC3-4304-8224-3DD2C865C039}.Release|Any CPU.Build.0 = Release|Any CPU
	EndGlobalSection
	GlobalSection(SolutionProperties) = preSolution
		HideSolutionNode = FALSE
	EndGlobalSection
	GlobalSection(ExtensibilityGlobals) = postSolution
		SolutionGuid = {F2A2913F-318A-4380-BBE2-CBF047554796}
	EndGlobalSection
EndGlobal
